// !$*UTF8*$!
{
	archiveVersion = 1;
	classes = {
	};
	objectVersion = 50;
	objects = {

/* Begin PBXBuildFile section */
		C00015A823C70D4B00B16397 /* DatabaseManager.swift in Sources */ = {isa = PBXBuildFile; fileRef = C00015A723C70D4B00B16397 /* DatabaseManager.swift */; };
		C00015B423C70F1800B16397 /* MappableObject.swift in Sources */ = {isa = PBXBuildFile; fileRef = C00015B323C70F1800B16397 /* MappableObject.swift */; };
		C00015B923C7103D00B16397 /* ErrorDebugger.swift in Sources */ = {isa = PBXBuildFile; fileRef = C00015B823C7103D00B16397 /* ErrorDebugger.swift */; };
		C00015BB23C7106A00B16397 /* Utils.swift in Sources */ = {isa = PBXBuildFile; fileRef = C00015BA23C7106A00B16397 /* Utils.swift */; };
		C00015F523C7156300B16397 /* Alamofire.framework in Frameworks */ = {isa = PBXBuildFile; fileRef = C00015C523C713EB00B16397 /* Alamofire.framework */; };
		C00015F723C7156300B16397 /* AlamofireImage.framework in Frameworks */ = {isa = PBXBuildFile; fileRef = C00015C323C713EB00B16397 /* AlamofireImage.framework */; };
		C00015F923C7156300B16397 /* Differentiator.framework in Frameworks */ = {isa = PBXBuildFile; fileRef = C00015CC23C713EC00B16397 /* Differentiator.framework */; };
		C00015FB23C7156300B16397 /* Moya.framework in Frameworks */ = {isa = PBXBuildFile; fileRef = C00015CF23C713EC00B16397 /* Moya.framework */; };
		C00015FD23C7156300B16397 /* ObjectMapper.framework in Frameworks */ = {isa = PBXBuildFile; fileRef = C00015AE23C70E5300B16397 /* ObjectMapper.framework */; };
		C00015FF23C7156300B16397 /* ReactiveMoya.framework in Frameworks */ = {isa = PBXBuildFile; fileRef = C00015C623C713EB00B16397 /* ReactiveMoya.framework */; };
		C000160123C7156300B16397 /* ReactiveSwift.framework in Frameworks */ = {isa = PBXBuildFile; fileRef = C00015C823C713EB00B16397 /* ReactiveSwift.framework */; };
		C000160323C7156300B16397 /* Realm.framework in Frameworks */ = {isa = PBXBuildFile; fileRef = C00015C723C713EB00B16397 /* Realm.framework */; };
		C000160523C7156300B16397 /* RealmSwift.framework in Frameworks */ = {isa = PBXBuildFile; fileRef = C00015C223C713EB00B16397 /* RealmSwift.framework */; };
		C000160723C7156300B16397 /* Result.framework in Frameworks */ = {isa = PBXBuildFile; fileRef = C00015D123C713EC00B16397 /* Result.framework */; };
		C000160923C7156300B16397 /* RxBlocking.framework in Frameworks */ = {isa = PBXBuildFile; fileRef = C00015C423C713EB00B16397 /* RxBlocking.framework */; };
		C000160B23C7156300B16397 /* RxCocoa.framework in Frameworks */ = {isa = PBXBuildFile; fileRef = C00015CD23C713EC00B16397 /* RxCocoa.framework */; };
		C000160D23C7156300B16397 /* RxDataSources.framework in Frameworks */ = {isa = PBXBuildFile; fileRef = C00015C123C713EB00B16397 /* RxDataSources.framework */; };
		C000160F23C7156300B16397 /* RxMoya.framework in Frameworks */ = {isa = PBXBuildFile; fileRef = C00015D023C713EC00B16397 /* RxMoya.framework */; };
		C000161123C7156300B16397 /* RxRealm.framework in Frameworks */ = {isa = PBXBuildFile; fileRef = C00015AA23C70DFC00B16397 /* RxRealm.framework */; };
		C000161323C7156300B16397 /* RxRelay.framework in Frameworks */ = {isa = PBXBuildFile; fileRef = C00015CE23C713EC00B16397 /* RxRelay.framework */; };
		C000161523C7156300B16397 /* RxSwift.framework in Frameworks */ = {isa = PBXBuildFile; fileRef = C00015C923C713EC00B16397 /* RxSwift.framework */; };
		C000161923C7156400B16397 /* SVProgressHUD.framework in Frameworks */ = {isa = PBXBuildFile; fileRef = C00015CB23C713EC00B16397 /* SVProgressHUD.framework */; };
		C00780DD23C82A8E001C07EE /* DatabaseManagerExtensions.swift in Sources */ = {isa = PBXBuildFile; fileRef = C00780DC23C82A8E001C07EE /* DatabaseManagerExtensions.swift */; };
		C01462A423C443AE004389E4 /* AppDelegate.swift in Sources */ = {isa = PBXBuildFile; fileRef = C01462A323C443AE004389E4 /* AppDelegate.swift */; };
		C01462A623C443AE004389E4 /* SceneDelegate.swift in Sources */ = {isa = PBXBuildFile; fileRef = C01462A523C443AE004389E4 /* SceneDelegate.swift */; };
		C01462A823C443AE004389E4 /* FirstViewController.swift in Sources */ = {isa = PBXBuildFile; fileRef = C01462A723C443AE004389E4 /* FirstViewController.swift */; };
		C01462AA23C443AE004389E4 /* SecondViewController.swift in Sources */ = {isa = PBXBuildFile; fileRef = C01462A923C443AE004389E4 /* SecondViewController.swift */; };
		C01462AD23C443AE004389E4 /* Main.storyboard in Resources */ = {isa = PBXBuildFile; fileRef = C01462AB23C443AE004389E4 /* Main.storyboard */; };
		C01462AF23C443AF004389E4 /* Assets.xcassets in Resources */ = {isa = PBXBuildFile; fileRef = C01462AE23C443AF004389E4 /* Assets.xcassets */; };
		C01462B223C443AF004389E4 /* LaunchScreen.storyboard in Resources */ = {isa = PBXBuildFile; fileRef = C01462B023C443AF004389E4 /* LaunchScreen.storyboard */; };
		C01462BD23C443B0004389E4 /* GithubUserTests.swift in Sources */ = {isa = PBXBuildFile; fileRef = C01462BC23C443B0004389E4 /* GithubUserTests.swift */; };
		C01462C823C443B0004389E4 /* GithubUserUITests.swift in Sources */ = {isa = PBXBuildFile; fileRef = C01462C723C443B0004389E4 /* GithubUserUITests.swift */; };
		C02536E023D1510A000E9C1B /* CellUIProvider.swift in Sources */ = {isa = PBXBuildFile; fileRef = C02536DF23D1510A000E9C1B /* CellUIProvider.swift */; };
		C02536E223D1909E000E9C1B /* GithubUserCollectionCell.xib in Resources */ = {isa = PBXBuildFile; fileRef = C02536E123D1909E000E9C1B /* GithubUserCollectionCell.xib */; };
		C02536E423D1914E000E9C1B /* GithubUserCollectionCell.swift in Sources */ = {isa = PBXBuildFile; fileRef = C02536E323D1914E000E9C1B /* GithubUserCollectionCell.swift */; };
		C027F80823D0608600653D1F /* GithubUserCollectionUIProvider.swift in Sources */ = {isa = PBXBuildFile; fileRef = C027F80723D0608600653D1F /* GithubUserCollectionUIProvider.swift */; };
		C027F80A23D0670D00653D1F /* GithubUserCollectionViewModel.swift in Sources */ = {isa = PBXBuildFile; fileRef = C027F80923D0670D00653D1F /* GithubUserCollectionViewModel.swift */; };
		C02DECAC23CECD5B009ABBEB /* GithubUserCell.swift in Sources */ = {isa = PBXBuildFile; fileRef = C02DECAB23CECD5B009ABBEB /* GithubUserCell.swift */; };
		C02DECAF23CEFC6C009ABBEB /* GithubUserSectionModel.swift in Sources */ = {isa = PBXBuildFile; fileRef = C02DECAE23CEFC6C009ABBEB /* GithubUserSectionModel.swift */; };
		C02DECB123CEFE26009ABBEB /* GithubUserTableUIProvider.swift in Sources */ = {isa = PBXBuildFile; fileRef = C02DECB023CEFE26009ABBEB /* GithubUserTableUIProvider.swift */; };
		C02DECB323CF1AA0009ABBEB /* GithubUserCell.xib in Resources */ = {isa = PBXBuildFile; fileRef = C02DECB223CF1AA0009ABBEB /* GithubUserCell.xib */; };
		C04902E123CD58C4008DBCCE /* GithubUserRepository.swift in Sources */ = {isa = PBXBuildFile; fileRef = C04902E023CD58C4008DBCCE /* GithubUserRepository.swift */; };
		C04902E423CD5A66008DBCCE /* GithubUserService.swift in Sources */ = {isa = PBXBuildFile; fileRef = C04902E323CD5A66008DBCCE /* GithubUserService.swift */; };
		C04902E623CD5C42008DBCCE /* EndpointType.swift in Sources */ = {isa = PBXBuildFile; fileRef = C04902E523CD5C42008DBCCE /* EndpointType.swift */; };
		C04902E823CD65E4008DBCCE /* githubuser.json in Resources */ = {isa = PBXBuildFile; fileRef = C04902E723CD65E4008DBCCE /* githubuser.json */; };
		C04902EA23CD6CEC008DBCCE /* RequestService.swift in Sources */ = {isa = PBXBuildFile; fileRef = C04902E923CD6CEC008DBCCE /* RequestService.swift */; };
		C04902EC23CD7166008DBCCE /* GithubUser.swift in Sources */ = {isa = PBXBuildFile; fileRef = C04902EB23CD7166008DBCCE /* GithubUser.swift */; };
		C0A5CB8823CD78B30097DAFA /* RequestQueueManager.swift in Sources */ = {isa = PBXBuildFile; fileRef = C0A5CB8723CD78B30097DAFA /* RequestQueueManager.swift */; };
		C0A5CB8B23CD7A0B0097DAFA /* DispatchQueueExtensions.swift in Sources */ = {isa = PBXBuildFile; fileRef = C0A5CB8A23CD7A0B0097DAFA /* DispatchQueueExtensions.swift */; };
		C0A5CB8E23CDA5F10097DAFA /* GithubUserViewModel.swift in Sources */ = {isa = PBXBuildFile; fileRef = C0A5CB8D23CDA5F10097DAFA /* GithubUserViewModel.swift */; };
/* End PBXBuildFile section */

/* Begin PBXContainerItemProxy section */
		C01462B923C443B0004389E4 /* PBXContainerItemProxy */ = {
			isa = PBXContainerItemProxy;
			containerPortal = C014629823C443AE004389E4 /* Project object */;
			proxyType = 1;
			remoteGlobalIDString = C014629F23C443AE004389E4;
			remoteInfo = GithubUser;
		};
		C01462C423C443B0004389E4 /* PBXContainerItemProxy */ = {
			isa = PBXContainerItemProxy;
			containerPortal = C014629823C443AE004389E4 /* Project object */;
			proxyType = 1;
			remoteGlobalIDString = C014629F23C443AE004389E4;
			remoteInfo = GithubUser;
		};
/* End PBXContainerItemProxy section */

/* Begin PBXFileReference section */
		C00015A723C70D4B00B16397 /* DatabaseManager.swift */ = {isa = PBXFileReference; lastKnownFileType = sourcecode.swift; path = DatabaseManager.swift; sourceTree = "<group>"; };
		C00015AA23C70DFC00B16397 /* RxRealm.framework */ = {isa = PBXFileReference; lastKnownFileType = wrapper.framework; name = RxRealm.framework; path = Carthage/Build/iOS/RxRealm.framework; sourceTree = "<group>"; };
		C00015AE23C70E5300B16397 /* ObjectMapper.framework */ = {isa = PBXFileReference; lastKnownFileType = wrapper.framework; name = ObjectMapper.framework; path = Carthage/Build/iOS/ObjectMapper.framework; sourceTree = "<group>"; };
		C00015B323C70F1800B16397 /* MappableObject.swift */ = {isa = PBXFileReference; lastKnownFileType = sourcecode.swift; path = MappableObject.swift; sourceTree = "<group>"; };
		C00015B823C7103D00B16397 /* ErrorDebugger.swift */ = {isa = PBXFileReference; lastKnownFileType = sourcecode.swift; path = ErrorDebugger.swift; sourceTree = "<group>"; };
		C00015BA23C7106A00B16397 /* Utils.swift */ = {isa = PBXFileReference; lastKnownFileType = sourcecode.swift; path = Utils.swift; sourceTree = "<group>"; };
		C00015C123C713EB00B16397 /* RxDataSources.framework */ = {isa = PBXFileReference; lastKnownFileType = wrapper.framework; name = RxDataSources.framework; path = Carthage/Build/iOS/RxDataSources.framework; sourceTree = "<group>"; };
		C00015C223C713EB00B16397 /* RealmSwift.framework */ = {isa = PBXFileReference; lastKnownFileType = wrapper.framework; name = RealmSwift.framework; path = Carthage/Build/iOS/RealmSwift.framework; sourceTree = "<group>"; };
		C00015C323C713EB00B16397 /* AlamofireImage.framework */ = {isa = PBXFileReference; lastKnownFileType = wrapper.framework; name = AlamofireImage.framework; path = Carthage/Build/iOS/AlamofireImage.framework; sourceTree = "<group>"; };
		C00015C423C713EB00B16397 /* RxBlocking.framework */ = {isa = PBXFileReference; lastKnownFileType = wrapper.framework; name = RxBlocking.framework; path = Carthage/Build/iOS/RxBlocking.framework; sourceTree = "<group>"; };
		C00015C523C713EB00B16397 /* Alamofire.framework */ = {isa = PBXFileReference; lastKnownFileType = wrapper.framework; name = Alamofire.framework; path = Carthage/Build/iOS/Alamofire.framework; sourceTree = "<group>"; };
		C00015C623C713EB00B16397 /* ReactiveMoya.framework */ = {isa = PBXFileReference; lastKnownFileType = wrapper.framework; name = ReactiveMoya.framework; path = Carthage/Build/iOS/ReactiveMoya.framework; sourceTree = "<group>"; };
		C00015C723C713EB00B16397 /* Realm.framework */ = {isa = PBXFileReference; lastKnownFileType = wrapper.framework; name = Realm.framework; path = Carthage/Build/iOS/Realm.framework; sourceTree = "<group>"; };
		C00015C823C713EB00B16397 /* ReactiveSwift.framework */ = {isa = PBXFileReference; lastKnownFileType = wrapper.framework; name = ReactiveSwift.framework; path = Carthage/Build/iOS/ReactiveSwift.framework; sourceTree = "<group>"; };
		C00015C923C713EC00B16397 /* RxSwift.framework */ = {isa = PBXFileReference; lastKnownFileType = wrapper.framework; name = RxSwift.framework; path = Carthage/Build/iOS/RxSwift.framework; sourceTree = "<group>"; };
		C00015CB23C713EC00B16397 /* SVProgressHUD.framework */ = {isa = PBXFileReference; lastKnownFileType = wrapper.framework; name = SVProgressHUD.framework; path = Carthage/Build/iOS/SVProgressHUD.framework; sourceTree = "<group>"; };
		C00015CC23C713EC00B16397 /* Differentiator.framework */ = {isa = PBXFileReference; lastKnownFileType = wrapper.framework; name = Differentiator.framework; path = Carthage/Build/iOS/Differentiator.framework; sourceTree = "<group>"; };
		C00015CD23C713EC00B16397 /* RxCocoa.framework */ = {isa = PBXFileReference; lastKnownFileType = wrapper.framework; name = RxCocoa.framework; path = Carthage/Build/iOS/RxCocoa.framework; sourceTree = "<group>"; };
		C00015CE23C713EC00B16397 /* RxRelay.framework */ = {isa = PBXFileReference; lastKnownFileType = wrapper.framework; name = RxRelay.framework; path = Carthage/Build/iOS/RxRelay.framework; sourceTree = "<group>"; };
		C00015CF23C713EC00B16397 /* Moya.framework */ = {isa = PBXFileReference; lastKnownFileType = wrapper.framework; name = Moya.framework; path = Carthage/Build/iOS/Moya.framework; sourceTree = "<group>"; };
		C00015D023C713EC00B16397 /* RxMoya.framework */ = {isa = PBXFileReference; lastKnownFileType = wrapper.framework; name = RxMoya.framework; path = Carthage/Build/iOS/RxMoya.framework; sourceTree = "<group>"; };
		C00015D123C713EC00B16397 /* Result.framework */ = {isa = PBXFileReference; lastKnownFileType = wrapper.framework; name = Result.framework; path = Carthage/Build/iOS/Result.framework; sourceTree = "<group>"; };
		C00780DC23C82A8E001C07EE /* DatabaseManagerExtensions.swift */ = {isa = PBXFileReference; lastKnownFileType = sourcecode.swift; path = DatabaseManagerExtensions.swift; sourceTree = "<group>"; };
		C01462A023C443AE004389E4 /* GithubUser.app */ = {isa = PBXFileReference; explicitFileType = wrapper.application; includeInIndex = 0; path = GithubUser.app; sourceTree = BUILT_PRODUCTS_DIR; };
		C01462A323C443AE004389E4 /* AppDelegate.swift */ = {isa = PBXFileReference; lastKnownFileType = sourcecode.swift; path = AppDelegate.swift; sourceTree = "<group>"; };
		C01462A523C443AE004389E4 /* SceneDelegate.swift */ = {isa = PBXFileReference; lastKnownFileType = sourcecode.swift; path = SceneDelegate.swift; sourceTree = "<group>"; };
		C01462A723C443AE004389E4 /* FirstViewController.swift */ = {isa = PBXFileReference; lastKnownFileType = sourcecode.swift; path = FirstViewController.swift; sourceTree = "<group>"; };
		C01462A923C443AE004389E4 /* SecondViewController.swift */ = {isa = PBXFileReference; lastKnownFileType = sourcecode.swift; path = SecondViewController.swift; sourceTree = "<group>"; };
		C01462AC23C443AE004389E4 /* Base */ = {isa = PBXFileReference; lastKnownFileType = file.storyboard; name = Base; path = Base.lproj/Main.storyboard; sourceTree = "<group>"; };
		C01462AE23C443AF004389E4 /* Assets.xcassets */ = {isa = PBXFileReference; lastKnownFileType = folder.assetcatalog; path = Assets.xcassets; sourceTree = "<group>"; };
		C01462B123C443AF004389E4 /* Base */ = {isa = PBXFileReference; lastKnownFileType = file.storyboard; name = Base; path = Base.lproj/LaunchScreen.storyboard; sourceTree = "<group>"; };
		C01462B323C443AF004389E4 /* Info.plist */ = {isa = PBXFileReference; lastKnownFileType = text.plist.xml; path = Info.plist; sourceTree = "<group>"; };
		C01462B823C443B0004389E4 /* GithubUserTests.xctest */ = {isa = PBXFileReference; explicitFileType = wrapper.cfbundle; includeInIndex = 0; path = GithubUserTests.xctest; sourceTree = BUILT_PRODUCTS_DIR; };
		C01462BC23C443B0004389E4 /* GithubUserTests.swift */ = {isa = PBXFileReference; lastKnownFileType = sourcecode.swift; path = GithubUserTests.swift; sourceTree = "<group>"; };
		C01462BE23C443B0004389E4 /* Info.plist */ = {isa = PBXFileReference; lastKnownFileType = text.plist.xml; path = Info.plist; sourceTree = "<group>"; };
		C01462C323C443B0004389E4 /* GithubUserUITests.xctest */ = {isa = PBXFileReference; explicitFileType = wrapper.cfbundle; includeInIndex = 0; path = GithubUserUITests.xctest; sourceTree = BUILT_PRODUCTS_DIR; };
		C01462C723C443B0004389E4 /* GithubUserUITests.swift */ = {isa = PBXFileReference; lastKnownFileType = sourcecode.swift; path = GithubUserUITests.swift; sourceTree = "<group>"; };
		C01462C923C443B0004389E4 /* Info.plist */ = {isa = PBXFileReference; lastKnownFileType = text.plist.xml; path = Info.plist; sourceTree = "<group>"; };
		C02536DF23D1510A000E9C1B /* CellUIProvider.swift */ = {isa = PBXFileReference; lastKnownFileType = sourcecode.swift; path = CellUIProvider.swift; sourceTree = "<group>"; };
		C02536E123D1909E000E9C1B /* GithubUserCollectionCell.xib */ = {isa = PBXFileReference; lastKnownFileType = file.xib; path = GithubUserCollectionCell.xib; sourceTree = "<group>"; };
		C02536E323D1914E000E9C1B /* GithubUserCollectionCell.swift */ = {isa = PBXFileReference; lastKnownFileType = sourcecode.swift; path = GithubUserCollectionCell.swift; sourceTree = "<group>"; };
		C027F80723D0608600653D1F /* GithubUserCollectionUIProvider.swift */ = {isa = PBXFileReference; lastKnownFileType = sourcecode.swift; path = GithubUserCollectionUIProvider.swift; sourceTree = "<group>"; };
		C027F80923D0670D00653D1F /* GithubUserCollectionViewModel.swift */ = {isa = PBXFileReference; lastKnownFileType = sourcecode.swift; path = GithubUserCollectionViewModel.swift; sourceTree = "<group>"; };
		C02DECAB23CECD5B009ABBEB /* GithubUserCell.swift */ = {isa = PBXFileReference; lastKnownFileType = sourcecode.swift; path = GithubUserCell.swift; sourceTree = "<group>"; };
		C02DECAE23CEFC6C009ABBEB /* GithubUserSectionModel.swift */ = {isa = PBXFileReference; lastKnownFileType = sourcecode.swift; path = GithubUserSectionModel.swift; sourceTree = "<group>"; };
		C02DECB023CEFE26009ABBEB /* GithubUserTableUIProvider.swift */ = {isa = PBXFileReference; lastKnownFileType = sourcecode.swift; path = GithubUserTableUIProvider.swift; sourceTree = "<group>"; };
		C02DECB223CF1AA0009ABBEB /* GithubUserCell.xib */ = {isa = PBXFileReference; lastKnownFileType = file.xib; path = GithubUserCell.xib; sourceTree = "<group>"; };
		C04902E023CD58C4008DBCCE /* GithubUserRepository.swift */ = {isa = PBXFileReference; lastKnownFileType = sourcecode.swift; path = GithubUserRepository.swift; sourceTree = "<group>"; };
		C04902E323CD5A66008DBCCE /* GithubUserService.swift */ = {isa = PBXFileReference; lastKnownFileType = sourcecode.swift; path = GithubUserService.swift; sourceTree = "<group>"; };
		C04902E523CD5C42008DBCCE /* EndpointType.swift */ = {isa = PBXFileReference; lastKnownFileType = sourcecode.swift; path = EndpointType.swift; sourceTree = "<group>"; };
		C04902E723CD65E4008DBCCE /* githubuser.json */ = {isa = PBXFileReference; lastKnownFileType = text.json; path = githubuser.json; sourceTree = "<group>"; };
		C04902E923CD6CEC008DBCCE /* RequestService.swift */ = {isa = PBXFileReference; lastKnownFileType = sourcecode.swift; path = RequestService.swift; sourceTree = "<group>"; };
		C04902EB23CD7166008DBCCE /* GithubUser.swift */ = {isa = PBXFileReference; lastKnownFileType = sourcecode.swift; path = GithubUser.swift; sourceTree = "<group>"; };
		C0A5CB8723CD78B30097DAFA /* RequestQueueManager.swift */ = {isa = PBXFileReference; lastKnownFileType = sourcecode.swift; path = RequestQueueManager.swift; sourceTree = "<group>"; };
		C0A5CB8A23CD7A0B0097DAFA /* DispatchQueueExtensions.swift */ = {isa = PBXFileReference; lastKnownFileType = sourcecode.swift; path = DispatchQueueExtensions.swift; sourceTree = "<group>"; };
		C0A5CB8D23CDA5F10097DAFA /* GithubUserViewModel.swift */ = {isa = PBXFileReference; lastKnownFileType = sourcecode.swift; path = GithubUserViewModel.swift; sourceTree = "<group>"; };
/* End PBXFileReference section */

/* Begin PBXFrameworksBuildPhase section */
		C014629D23C443AE004389E4 /* Frameworks */ = {
			isa = PBXFrameworksBuildPhase;
			buildActionMask = 2147483647;
			files = (
				C000160B23C7156300B16397 /* RxCocoa.framework in Frameworks */,
				C00015FB23C7156300B16397 /* Moya.framework in Frameworks */,
				C000160123C7156300B16397 /* ReactiveSwift.framework in Frameworks */,
				C000160523C7156300B16397 /* RealmSwift.framework in Frameworks */,
				C000161323C7156300B16397 /* RxRelay.framework in Frameworks */,
				C00015F923C7156300B16397 /* Differentiator.framework in Frameworks */,
				C00015FD23C7156300B16397 /* ObjectMapper.framework in Frameworks */,
				C000161523C7156300B16397 /* RxSwift.framework in Frameworks */,
				C000160D23C7156300B16397 /* RxDataSources.framework in Frameworks */,
				C000160323C7156300B16397 /* Realm.framework in Frameworks */,
				C00015F523C7156300B16397 /* Alamofire.framework in Frameworks */,
				C000160923C7156300B16397 /* RxBlocking.framework in Frameworks */,
				C000161923C7156400B16397 /* SVProgressHUD.framework in Frameworks */,
				C000161123C7156300B16397 /* RxRealm.framework in Frameworks */,
				C000160723C7156300B16397 /* Result.framework in Frameworks */,
				C00015F723C7156300B16397 /* AlamofireImage.framework in Frameworks */,
				C000160F23C7156300B16397 /* RxMoya.framework in Frameworks */,
				C00015FF23C7156300B16397 /* ReactiveMoya.framework in Frameworks */,
			);
			runOnlyForDeploymentPostprocessing = 0;
		};
		C01462B523C443B0004389E4 /* Frameworks */ = {
			isa = PBXFrameworksBuildPhase;
			buildActionMask = 2147483647;
			files = (
			);
			runOnlyForDeploymentPostprocessing = 0;
		};
		C01462C023C443B0004389E4 /* Frameworks */ = {
			isa = PBXFrameworksBuildPhase;
			buildActionMask = 2147483647;
			files = (
			);
			runOnlyForDeploymentPostprocessing = 0;
		};
/* End PBXFrameworksBuildPhase section */

/* Begin PBXGroup section */
		C00015A623C70D1100B16397 /* Repository */ = {
			isa = PBXGroup;
			children = (
				C04902E223CD5A48008DBCCE /* Network */,
				C00015B223C70F0300B16397 /* Model */,
				C00015A723C70D4B00B16397 /* DatabaseManager.swift */,
				C00780DC23C82A8E001C07EE /* DatabaseManagerExtensions.swift */,
				C04902E023CD58C4008DBCCE /* GithubUserRepository.swift */,
			);
			path = Repository;
			sourceTree = "<group>";
		};
		C00015A923C70DFC00B16397 /* Frameworks */ = {
			isa = PBXGroup;
			children = (
				C00015C523C713EB00B16397 /* Alamofire.framework */,
				C00015C323C713EB00B16397 /* AlamofireImage.framework */,
				C00015CC23C713EC00B16397 /* Differentiator.framework */,
				C00015CF23C713EC00B16397 /* Moya.framework */,
				C00015C623C713EB00B16397 /* ReactiveMoya.framework */,
				C00015C823C713EB00B16397 /* ReactiveSwift.framework */,
				C00015C723C713EB00B16397 /* Realm.framework */,
				C00015C223C713EB00B16397 /* RealmSwift.framework */,
				C00015D123C713EC00B16397 /* Result.framework */,
				C00015C423C713EB00B16397 /* RxBlocking.framework */,
				C00015CD23C713EC00B16397 /* RxCocoa.framework */,
				C00015C123C713EB00B16397 /* RxDataSources.framework */,
				C00015D023C713EC00B16397 /* RxMoya.framework */,
				C00015CE23C713EC00B16397 /* RxRelay.framework */,
				C00015C923C713EC00B16397 /* RxSwift.framework */,
				C00015CB23C713EC00B16397 /* SVProgressHUD.framework */,
				C00015AE23C70E5300B16397 /* ObjectMapper.framework */,
				C00015AA23C70DFC00B16397 /* RxRealm.framework */,
			);
			name = Frameworks;
			sourceTree = "<group>";
		};
		C00015B223C70F0300B16397 /* Model */ = {
			isa = PBXGroup;
			children = (
				C00015B323C70F1800B16397 /* MappableObject.swift */,
				C04902EB23CD7166008DBCCE /* GithubUser.swift */,
			);
			path = Model;
			sourceTree = "<group>";
		};
		C00015B723C7102900B16397 /* Lib */ = {
			isa = PBXGroup;
			children = (
				C00015B823C7103D00B16397 /* ErrorDebugger.swift */,
				C00015BA23C7106A00B16397 /* Utils.swift */,
				C0A5CB8723CD78B30097DAFA /* RequestQueueManager.swift */,
			);
			path = Lib;
			sourceTree = "<group>";
		};
		C014629723C443AE004389E4 = {
			isa = PBXGroup;
			children = (
				C01462A223C443AE004389E4 /* GithubUser */,
				C01462BB23C443B0004389E4 /* GithubUserTests */,
				C01462C623C443B0004389E4 /* GithubUserUITests */,
				C01462A123C443AE004389E4 /* Products */,
				C00015A923C70DFC00B16397 /* Frameworks */,
			);
			sourceTree = "<group>";
		};
		C01462A123C443AE004389E4 /* Products */ = {
			isa = PBXGroup;
			children = (
				C01462A023C443AE004389E4 /* GithubUser.app */,
				C01462B823C443B0004389E4 /* GithubUserTests.xctest */,
				C01462C323C443B0004389E4 /* GithubUserUITests.xctest */,
			);
			name = Products;
			sourceTree = "<group>";
		};
		C01462A223C443AE004389E4 /* GithubUser */ = {
			isa = PBXGroup;
			children = (
				C02DECAD23CEFB7B009ABBEB /* Datasource */,
				C02DECA723CECB92009ABBEB /* View */,
				C0A5CB8C23CDA5A60097DAFA /* ViewModel */,
				C0A5CB8923CD79D20097DAFA /* Extension */,
				C00015B723C7102900B16397 /* Lib */,
				C00015A623C70D1100B16397 /* Repository */,
				C01462A323C443AE004389E4 /* AppDelegate.swift */,
				C01462A523C443AE004389E4 /* SceneDelegate.swift */,
				C01462A723C443AE004389E4 /* FirstViewController.swift */,
				C01462A923C443AE004389E4 /* SecondViewController.swift */,
				C01462AB23C443AE004389E4 /* Main.storyboard */,
				C01462AE23C443AF004389E4 /* Assets.xcassets */,
				C01462B023C443AF004389E4 /* LaunchScreen.storyboard */,
				C01462B323C443AF004389E4 /* Info.plist */,
			);
			path = GithubUser;
			sourceTree = "<group>";
		};
		C01462BB23C443B0004389E4 /* GithubUserTests */ = {
			isa = PBXGroup;
			children = (
				C01462BC23C443B0004389E4 /* GithubUserTests.swift */,
				C01462BE23C443B0004389E4 /* Info.plist */,
				C04902E723CD65E4008DBCCE /* githubuser.json */,
			);
			path = GithubUserTests;
			sourceTree = "<group>";
		};
		C01462C623C443B0004389E4 /* GithubUserUITests */ = {
			isa = PBXGroup;
			children = (
				C01462C723C443B0004389E4 /* GithubUserUITests.swift */,
				C01462C923C443B0004389E4 /* Info.plist */,
			);
			path = GithubUserUITests;
			sourceTree = "<group>";
		};
		C02DECA723CECB92009ABBEB /* View */ = {
			isa = PBXGroup;
			children = (
				C02DECA823CECB9E009ABBEB /* Cell */,
			);
			path = View;
			sourceTree = "<group>";
		};
		C02DECA823CECB9E009ABBEB /* Cell */ = {
			isa = PBXGroup;
			children = (
				C02DECAB23CECD5B009ABBEB /* GithubUserCell.swift */,
				C02DECB223CF1AA0009ABBEB /* GithubUserCell.xib */,
				C02536E123D1909E000E9C1B /* GithubUserCollectionCell.xib */,
				C02536E323D1914E000E9C1B /* GithubUserCollectionCell.swift */,
			);
			path = Cell;
			sourceTree = "<group>";
		};
		C02DECAD23CEFB7B009ABBEB /* Datasource */ = {
			isa = PBXGroup;
			children = (
				C02DECAE23CEFC6C009ABBEB /* GithubUserSectionModel.swift */,
				C02DECB023CEFE26009ABBEB /* GithubUserTableUIProvider.swift */,
				C027F80723D0608600653D1F /* GithubUserCollectionUIProvider.swift */,
				C02536DF23D1510A000E9C1B /* CellUIProvider.swift */,
			);
			path = Datasource;
			sourceTree = "<group>";
		};
		C04902E223CD5A48008DBCCE /* Network */ = {
			isa = PBXGroup;
			children = (
				C04902E323CD5A66008DBCCE /* GithubUserService.swift */,
				C04902E523CD5C42008DBCCE /* EndpointType.swift */,
				C04902E923CD6CEC008DBCCE /* RequestService.swift */,
			);
			path = Network;
			sourceTree = "<group>";
		};
		C0A5CB8923CD79D20097DAFA /* Extension */ = {
			isa = PBXGroup;
			children = (
				C0A5CB8A23CD7A0B0097DAFA /* DispatchQueueExtensions.swift */,
			);
			path = Extension;
			sourceTree = "<group>";
		};
		C0A5CB8C23CDA5A60097DAFA /* ViewModel */ = {
			isa = PBXGroup;
			children = (
				C0A5CB8D23CDA5F10097DAFA /* GithubUserViewModel.swift */,
				C027F80923D0670D00653D1F /* GithubUserCollectionViewModel.swift */,
			);
			path = ViewModel;
			sourceTree = "<group>";
		};
/* End PBXGroup section */

/* Begin PBXNativeTarget section */
		C014629F23C443AE004389E4 /* GithubUser */ = {
			isa = PBXNativeTarget;
			buildConfigurationList = C01462CC23C443B0004389E4 /* Build configuration list for PBXNativeTarget "GithubUser" */;
			buildPhases = (
				C014629C23C443AE004389E4 /* Sources */,
				C014629D23C443AE004389E4 /* Frameworks */,
				C014629E23C443AE004389E4 /* Resources */,
				C000164023C726BC00B16397 /* ShellScript */,
			);
			buildRules = (
			);
			dependencies = (
			);
			name = GithubUser;
			productName = GithubUser;
			productReference = C01462A023C443AE004389E4 /* GithubUser.app */;
			productType = "com.apple.product-type.application";
		};
		C01462B723C443B0004389E4 /* GithubUserTests */ = {
			isa = PBXNativeTarget;
			buildConfigurationList = C01462CF23C443B0004389E4 /* Build configuration list for PBXNativeTarget "GithubUserTests" */;
			buildPhases = (
				C01462B423C443B0004389E4 /* Sources */,
				C01462B523C443B0004389E4 /* Frameworks */,
				C01462B623C443B0004389E4 /* Resources */,
			);
			buildRules = (
			);
			dependencies = (
				C01462BA23C443B0004389E4 /* PBXTargetDependency */,
			);
			name = GithubUserTests;
			productName = GithubUserTests;
			productReference = C01462B823C443B0004389E4 /* GithubUserTests.xctest */;
			productType = "com.apple.product-type.bundle.unit-test";
		};
		C01462C223C443B0004389E4 /* GithubUserUITests */ = {
			isa = PBXNativeTarget;
			buildConfigurationList = C01462D223C443B0004389E4 /* Build configuration list for PBXNativeTarget "GithubUserUITests" */;
			buildPhases = (
				C01462BF23C443B0004389E4 /* Sources */,
				C01462C023C443B0004389E4 /* Frameworks */,
				C01462C123C443B0004389E4 /* Resources */,
			);
			buildRules = (
			);
			dependencies = (
				C01462C523C443B0004389E4 /* PBXTargetDependency */,
			);
			name = GithubUserUITests;
			productName = GithubUserUITests;
			productReference = C01462C323C443B0004389E4 /* GithubUserUITests.xctest */;
			productType = "com.apple.product-type.bundle.ui-testing";
		};
/* End PBXNativeTarget section */

/* Begin PBXProject section */
		C014629823C443AE004389E4 /* Project object */ = {
			isa = PBXProject;
			attributes = {
				LastSwiftUpdateCheck = 1130;
				LastUpgradeCheck = 1130;
				ORGANIZATIONNAME = "リーツアン クオン";
				TargetAttributes = {
					C014629F23C443AE004389E4 = {
						CreatedOnToolsVersion = 11.3;
					};
					C01462B723C443B0004389E4 = {
						CreatedOnToolsVersion = 11.3;
						TestTargetID = C014629F23C443AE004389E4;
					};
					C01462C223C443B0004389E4 = {
						CreatedOnToolsVersion = 11.3;
						TestTargetID = C014629F23C443AE004389E4;
					};
				};
			};
			buildConfigurationList = C014629B23C443AE004389E4 /* Build configuration list for PBXProject "GithubUser" */;
			compatibilityVersion = "Xcode 9.3";
			developmentRegion = en;
			hasScannedForEncodings = 0;
			knownRegions = (
				en,
				Base,
			);
			mainGroup = C014629723C443AE004389E4;
			productRefGroup = C01462A123C443AE004389E4 /* Products */;
			projectDirPath = "";
			projectRoot = "";
			targets = (
				C014629F23C443AE004389E4 /* GithubUser */,
				C01462B723C443B0004389E4 /* GithubUserTests */,
				C01462C223C443B0004389E4 /* GithubUserUITests */,
			);
		};
/* End PBXProject section */

/* Begin PBXResourcesBuildPhase section */
		C014629E23C443AE004389E4 /* Resources */ = {
			isa = PBXResourcesBuildPhase;
			buildActionMask = 2147483647;
			files = (
				C01462B223C443AF004389E4 /* LaunchScreen.storyboard in Resources */,
				C02DECB323CF1AA0009ABBEB /* GithubUserCell.xib in Resources */,
				C01462AF23C443AF004389E4 /* Assets.xcassets in Resources */,
				C01462AD23C443AE004389E4 /* Main.storyboard in Resources */,
				C02536E223D1909E000E9C1B /* GithubUserCollectionCell.xib in Resources */,
			);
			runOnlyForDeploymentPostprocessing = 0;
		};
		C01462B623C443B0004389E4 /* Resources */ = {
			isa = PBXResourcesBuildPhase;
			buildActionMask = 2147483647;
			files = (
				C04902E823CD65E4008DBCCE /* githubuser.json in Resources */,
			);
			runOnlyForDeploymentPostprocessing = 0;
		};
		C01462C123C443B0004389E4 /* Resources */ = {
			isa = PBXResourcesBuildPhase;
			buildActionMask = 2147483647;
			files = (
			);
			runOnlyForDeploymentPostprocessing = 0;
		};
/* End PBXResourcesBuildPhase section */

/* Begin PBXShellScriptBuildPhase section */
		C000164023C726BC00B16397 /* ShellScript */ = {
			isa = PBXShellScriptBuildPhase;
			buildActionMask = 2147483647;
			files = (
			);
			inputFileListPaths = (
			);
			inputPaths = (
				"$(SRCROOT)/Carthage/Build/iOS/RealmSwift.framework",
				"$(SRCROOT)/Carthage/Build/iOS/Moya.framework",
				"$(SRCROOT)/Carthage/Build/iOS/AlamofireImage.framework",
				"$(SRCROOT)/Carthage/Build/iOS/Result.framework",
				"$(SRCROOT)/Carthage/Build/iOS/RxMoya.framework",
				"$(SRCROOT)/Carthage/Build/iOS/Realm.framework",
				"$(SRCROOT)/Carthage/Build/iOS/Alamofire.framework",
				"$(SRCROOT)/Carthage/Build/iOS/ObjectMapper.framework",
				"$(SRCROOT)/Carthage/Build/iOS/RxCocoa.framework",
				"$(SRCROOT)/Carthage/Build/iOS/RxDataSources.framework",
				"$(SRCROOT)/Carthage/Build/iOS/RxSwift.framework",
				"$(SRCROOT)/Carthage/Build/iOS/Differentiator.framework",
				"$(SRCROOT)/Carthage/Build/iOS/RxRealm.framework",
				"$(SRCROOT)/Carthage/Build/iOS/RxBlocking.framework",
				"$(SRCROOT)/Carthage/Build/iOS/SVProgressHUD.framework",
				"$(SRCROOT)/Carthage/Build/iOS/RxRelay.framework",
				"$(SRCROOT)/Carthage/Build/iOS/ReactiveSwift.framework",
				"$(SRCROOT)/Carthage/Build/iOS/ReactiveMoya.framework",
			);
			outputFileListPaths = (
			);
			outputPaths = (
			);
			runOnlyForDeploymentPostprocessing = 0;
			shellPath = /bin/sh;
			shellScript = "/usr/local/bin/carthage copy-frameworks\n";
		};
/* End PBXShellScriptBuildPhase section */

/* Begin PBXSourcesBuildPhase section */
		C014629C23C443AE004389E4 /* Sources */ = {
			isa = PBXSourcesBuildPhase;
			buildActionMask = 2147483647;
			files = (
				C00015B423C70F1800B16397 /* MappableObject.swift in Sources */,
				C01462AA23C443AE004389E4 /* SecondViewController.swift in Sources */,
				C00015BB23C7106A00B16397 /* Utils.swift in Sources */,
				C04902E423CD5A66008DBCCE /* GithubUserService.swift in Sources */,
				C0A5CB8823CD78B30097DAFA /* RequestQueueManager.swift in Sources */,
				C00780DD23C82A8E001C07EE /* DatabaseManagerExtensions.swift in Sources */,
				C01462A823C443AE004389E4 /* FirstViewController.swift in Sources */,
				C02DECB123CEFE26009ABBEB /* GithubUserTableUIProvider.swift in Sources */,
				C0A5CB8E23CDA5F10097DAFA /* GithubUserViewModel.swift in Sources */,
				C02536E023D1510A000E9C1B /* CellUIProvider.swift in Sources */,
				C027F80823D0608600653D1F /* GithubUserCollectionUIProvider.swift in Sources */,
				C04902E123CD58C4008DBCCE /* GithubUserRepository.swift in Sources */,
				C00015A823C70D4B00B16397 /* DatabaseManager.swift in Sources */,
				C04902E623CD5C42008DBCCE /* EndpointType.swift in Sources */,
				C01462A423C443AE004389E4 /* AppDelegate.swift in Sources */,
				C027F80A23D0670D00653D1F /* GithubUserCollectionViewModel.swift in Sources */,
				C02DECAC23CECD5B009ABBEB /* GithubUserCell.swift in Sources */,
				C00015B923C7103D00B16397 /* ErrorDebugger.swift in Sources */,
				C04902EC23CD7166008DBCCE /* GithubUser.swift in Sources */,
				C0A5CB8B23CD7A0B0097DAFA /* DispatchQueueExtensions.swift in Sources */,
				C02DECAF23CEFC6C009ABBEB /* GithubUserSectionModel.swift in Sources */,
				C04902EA23CD6CEC008DBCCE /* RequestService.swift in Sources */,
				C01462A623C443AE004389E4 /* SceneDelegate.swift in Sources */,
				C02536E423D1914E000E9C1B /* GithubUserCollectionCell.swift in Sources */,
			);
			runOnlyForDeploymentPostprocessing = 0;
		};
		C01462B423C443B0004389E4 /* Sources */ = {
			isa = PBXSourcesBuildPhase;
			buildActionMask = 2147483647;
			files = (
				C01462BD23C443B0004389E4 /* GithubUserTests.swift in Sources */,
			);
			runOnlyForDeploymentPostprocessing = 0;
		};
		C01462BF23C443B0004389E4 /* Sources */ = {
			isa = PBXSourcesBuildPhase;
			buildActionMask = 2147483647;
			files = (
				C01462C823C443B0004389E4 /* GithubUserUITests.swift in Sources */,
			);
			runOnlyForDeploymentPostprocessing = 0;
		};
/* End PBXSourcesBuildPhase section */

/* Begin PBXTargetDependency section */
		C01462BA23C443B0004389E4 /* PBXTargetDependency */ = {
			isa = PBXTargetDependency;
			target = C014629F23C443AE004389E4 /* GithubUser */;
			targetProxy = C01462B923C443B0004389E4 /* PBXContainerItemProxy */;
		};
		C01462C523C443B0004389E4 /* PBXTargetDependency */ = {
			isa = PBXTargetDependency;
			target = C014629F23C443AE004389E4 /* GithubUser */;
			targetProxy = C01462C423C443B0004389E4 /* PBXContainerItemProxy */;
		};
/* End PBXTargetDependency section */

/* Begin PBXVariantGroup section */
		C01462AB23C443AE004389E4 /* Main.storyboard */ = {
			isa = PBXVariantGroup;
			children = (
				C01462AC23C443AE004389E4 /* Base */,
			);
			name = Main.storyboard;
			sourceTree = "<group>";
		};
		C01462B023C443AF004389E4 /* LaunchScreen.storyboard */ = {
			isa = PBXVariantGroup;
			children = (
				C01462B123C443AF004389E4 /* Base */,
			);
			name = LaunchScreen.storyboard;
			sourceTree = "<group>";
		};
/* End PBXVariantGroup section */

/* Begin XCBuildConfiguration section */
		C01462CA23C443B0004389E4 /* Debug */ = {
			isa = XCBuildConfiguration;
			buildSettings = {
				ALWAYS_SEARCH_USER_PATHS = NO;
				CLANG_ANALYZER_NONNULL = YES;
				CLANG_ANALYZER_NUMBER_OBJECT_CONVERSION = YES_AGGRESSIVE;
				CLANG_CXX_LANGUAGE_STANDARD = "gnu++14";
				CLANG_CXX_LIBRARY = "libc++";
				CLANG_ENABLE_MODULES = YES;
				CLANG_ENABLE_OBJC_ARC = YES;
				CLANG_ENABLE_OBJC_WEAK = YES;
				CLANG_WARN_BLOCK_CAPTURE_AUTORELEASING = YES;
				CLANG_WARN_BOOL_CONVERSION = YES;
				CLANG_WARN_COMMA = YES;
				CLANG_WARN_CONSTANT_CONVERSION = YES;
				CLANG_WARN_DEPRECATED_OBJC_IMPLEMENTATIONS = YES;
				CLANG_WARN_DIRECT_OBJC_ISA_USAGE = YES_ERROR;
				CLANG_WARN_DOCUMENTATION_COMMENTS = YES;
				CLANG_WARN_EMPTY_BODY = YES;
				CLANG_WARN_ENUM_CONVERSION = YES;
				CLANG_WARN_INFINITE_RECURSION = YES;
				CLANG_WARN_INT_CONVERSION = YES;
				CLANG_WARN_NON_LITERAL_NULL_CONVERSION = YES;
				CLANG_WARN_OBJC_IMPLICIT_RETAIN_SELF = YES;
				CLANG_WARN_OBJC_LITERAL_CONVERSION = YES;
				CLANG_WARN_OBJC_ROOT_CLASS = YES_ERROR;
				CLANG_WARN_RANGE_LOOP_ANALYSIS = YES;
				CLANG_WARN_STRICT_PROTOTYPES = YES;
				CLANG_WARN_SUSPICIOUS_MOVE = YES;
				CLANG_WARN_UNGUARDED_AVAILABILITY = YES_AGGRESSIVE;
				CLANG_WARN_UNREACHABLE_CODE = YES;
				CLANG_WARN__DUPLICATE_METHOD_MATCH = YES;
				COPY_PHASE_STRIP = NO;
				DEBUG_INFORMATION_FORMAT = dwarf;
				ENABLE_STRICT_OBJC_MSGSEND = YES;
				ENABLE_TESTABILITY = YES;
				GCC_C_LANGUAGE_STANDARD = gnu11;
				GCC_DYNAMIC_NO_PIC = NO;
				GCC_NO_COMMON_BLOCKS = YES;
				GCC_OPTIMIZATION_LEVEL = 0;
				GCC_PREPROCESSOR_DEFINITIONS = (
					"DEBUG=1",
					"$(inherited)",
				);
				GCC_WARN_64_TO_32_BIT_CONVERSION = YES;
				GCC_WARN_ABOUT_RETURN_TYPE = YES_ERROR;
				GCC_WARN_UNDECLARED_SELECTOR = YES;
				GCC_WARN_UNINITIALIZED_AUTOS = YES_AGGRESSIVE;
				GCC_WARN_UNUSED_FUNCTION = YES;
				GCC_WARN_UNUSED_VARIABLE = YES;
				IPHONEOS_DEPLOYMENT_TARGET = 13.2;
				MTL_ENABLE_DEBUG_INFO = INCLUDE_SOURCE;
				MTL_FAST_MATH = YES;
				ONLY_ACTIVE_ARCH = YES;
				SDKROOT = iphoneos;
				SWIFT_ACTIVE_COMPILATION_CONDITIONS = DEBUG;
				SWIFT_OPTIMIZATION_LEVEL = "-Onone";
			};
			name = Debug;
		};
		C01462CB23C443B0004389E4 /* Release */ = {
			isa = XCBuildConfiguration;
			buildSettings = {
				ALWAYS_SEARCH_USER_PATHS = NO;
				CLANG_ANALYZER_NONNULL = YES;
				CLANG_ANALYZER_NUMBER_OBJECT_CONVERSION = YES_AGGRESSIVE;
				CLANG_CXX_LANGUAGE_STANDARD = "gnu++14";
				CLANG_CXX_LIBRARY = "libc++";
				CLANG_ENABLE_MODULES = YES;
				CLANG_ENABLE_OBJC_ARC = YES;
				CLANG_ENABLE_OBJC_WEAK = YES;
				CLANG_WARN_BLOCK_CAPTURE_AUTORELEASING = YES;
				CLANG_WARN_BOOL_CONVERSION = YES;
				CLANG_WARN_COMMA = YES;
				CLANG_WARN_CONSTANT_CONVERSION = YES;
				CLANG_WARN_DEPRECATED_OBJC_IMPLEMENTATIONS = YES;
				CLANG_WARN_DIRECT_OBJC_ISA_USAGE = YES_ERROR;
				CLANG_WARN_DOCUMENTATION_COMMENTS = YES;
				CLANG_WARN_EMPTY_BODY = YES;
				CLANG_WARN_ENUM_CONVERSION = YES;
				CLANG_WARN_INFINITE_RECURSION = YES;
				CLANG_WARN_INT_CONVERSION = YES;
				CLANG_WARN_NON_LITERAL_NULL_CONVERSION = YES;
				CLANG_WARN_OBJC_IMPLICIT_RETAIN_SELF = YES;
				CLANG_WARN_OBJC_LITERAL_CONVERSION = YES;
				CLANG_WARN_OBJC_ROOT_CLASS = YES_ERROR;
				CLANG_WARN_RANGE_LOOP_ANALYSIS = YES;
				CLANG_WARN_STRICT_PROTOTYPES = YES;
				CLANG_WARN_SUSPICIOUS_MOVE = YES;
				CLANG_WARN_UNGUARDED_AVAILABILITY = YES_AGGRESSIVE;
				CLANG_WARN_UNREACHABLE_CODE = YES;
				CLANG_WARN__DUPLICATE_METHOD_MATCH = YES;
				COPY_PHASE_STRIP = NO;
				DEBUG_INFORMATION_FORMAT = "dwarf-with-dsym";
				ENABLE_NS_ASSERTIONS = NO;
				ENABLE_STRICT_OBJC_MSGSEND = YES;
				GCC_C_LANGUAGE_STANDARD = gnu11;
				GCC_NO_COMMON_BLOCKS = YES;
				GCC_WARN_64_TO_32_BIT_CONVERSION = YES;
				GCC_WARN_ABOUT_RETURN_TYPE = YES_ERROR;
				GCC_WARN_UNDECLARED_SELECTOR = YES;
				GCC_WARN_UNINITIALIZED_AUTOS = YES_AGGRESSIVE;
				GCC_WARN_UNUSED_FUNCTION = YES;
				GCC_WARN_UNUSED_VARIABLE = YES;
				IPHONEOS_DEPLOYMENT_TARGET = 13.2;
				MTL_ENABLE_DEBUG_INFO = NO;
				MTL_FAST_MATH = YES;
				SDKROOT = iphoneos;
				SWIFT_COMPILATION_MODE = wholemodule;
				SWIFT_OPTIMIZATION_LEVEL = "-O";
				VALIDATE_PRODUCT = YES;
			};
			name = Release;
		};
		C01462CD23C443B0004389E4 /* Debug */ = {
			isa = XCBuildConfiguration;
			buildSettings = {
				ASSETCATALOG_COMPILER_APPICON_NAME = AppIcon;
				CODE_SIGN_STYLE = Automatic;
				FRAMEWORK_SEARCH_PATHS = (
					"$(inherited)",
					"$(PROJECT_DIR)/Carthage/Build/iOS",
				);
				INFOPLIST_FILE = GithubUser/Info.plist;
				LD_RUNPATH_SEARCH_PATHS = (
					"$(inherited)",
					"@executable_path/Frameworks",
				);
				PRODUCT_BUNDLE_IDENTIFIER = nanacorp.GithubUser;
				PRODUCT_NAME = "$(TARGET_NAME)";
				SWIFT_VERSION = 5.0;
				TARGETED_DEVICE_FAMILY = "1,2";
			};
			name = Debug;
		};
		C01462CE23C443B0004389E4 /* Release */ = {
			isa = XCBuildConfiguration;
			buildSettings = {
				ASSETCATALOG_COMPILER_APPICON_NAME = AppIcon;
				CODE_SIGN_STYLE = Automatic;
				FRAMEWORK_SEARCH_PATHS = (
					"$(inherited)",
					"$(PROJECT_DIR)/Carthage/Build/iOS",
				);
				INFOPLIST_FILE = GithubUser/Info.plist;
				LD_RUNPATH_SEARCH_PATHS = (
					"$(inherited)",
					"@executable_path/Frameworks",
				);
				PRODUCT_BUNDLE_IDENTIFIER = nanacorp.GithubUser;
				PRODUCT_NAME = "$(TARGET_NAME)";
				SWIFT_VERSION = 5.0;
				TARGETED_DEVICE_FAMILY = "1,2";
			};
			name = Release;
		};
		C01462D023C443B0004389E4 /* Debug */ = {
			isa = XCBuildConfiguration;
			buildSettings = {
				ALWAYS_EMBED_SWIFT_STANDARD_LIBRARIES = YES;
				BUNDLE_LOADER = "$(TEST_HOST)";
				CODE_SIGN_STYLE = Automatic;
				INFOPLIST_FILE = GithubUserTests/Info.plist;
				IPHONEOS_DEPLOYMENT_TARGET = 13.2;
				LD_RUNPATH_SEARCH_PATHS = (
					"$(inherited)",
					"@executable_path/Frameworks",
					"@loader_path/Frameworks",
				);
				PRODUCT_BUNDLE_IDENTIFIER = nanacorp.GithubUserTests;
				PRODUCT_NAME = "$(TARGET_NAME)";
				SWIFT_VERSION = 5.0;
				TARGETED_DEVICE_FAMILY = "1,2";
				TEST_HOST = "$(BUILT_PRODUCTS_DIR)/GithubUser.app/GithubUser";
			};
			name = Debug;
		};
		C01462D123C443B0004389E4 /* Release */ = {
			isa = XCBuildConfiguration;
			buildSettings = {
				ALWAYS_EMBED_SWIFT_STANDARD_LIBRARIES = YES;
				BUNDLE_LOADER = "$(TEST_HOST)";
				CODE_SIGN_STYLE = Automatic;
				INFOPLIST_FILE = GithubUserTests/Info.plist;
				IPHONEOS_DEPLOYMENT_TARGET = 13.2;
				LD_RUNPATH_SEARCH_PATHS = (
					"$(inherited)",
					"@executable_path/Frameworks",
					"@loader_path/Frameworks",
				);
				PRODUCT_BUNDLE_IDENTIFIER = nanacorp.GithubUserTests;
				PRODUCT_NAME = "$(TARGET_NAME)";
				SWIFT_VERSION = 5.0;
				TARGETED_DEVICE_FAMILY = "1,2";
				TEST_HOST = "$(BUILT_PRODUCTS_DIR)/GithubUser.app/GithubUser";
			};
			name = Release;
		};
		C01462D323C443B0004389E4 /* Debug */ = {
			isa = XCBuildConfiguration;
			buildSettings = {
				ALWAYS_EMBED_SWIFT_STANDARD_LIBRARIES = YES;
				CODE_SIGN_STYLE = Automatic;
				INFOPLIST_FILE = GithubUserUITests/Info.plist;
				LD_RUNPATH_SEARCH_PATHS = (
					"$(inherited)",
					"@executable_path/Frameworks",
					"@loader_path/Frameworks",
				);
				PRODUCT_BUNDLE_IDENTIFIER = nanacorp.GithubUserUITests;
				PRODUCT_NAME = "$(TARGET_NAME)";
				SWIFT_VERSION = 5.0;
				TARGETED_DEVICE_FAMILY = "1,2";
				TEST_TARGET_NAME = GithubUser;
			};
			name = Debug;
		};
		C01462D423C443B0004389E4 /* Release */ = {
			isa = XCBuildConfiguration;
			buildSettings = {
				ALWAYS_EMBED_SWIFT_STANDARD_LIBRARIES = YES;
				CODE_SIGN_STYLE = Automatic;
				INFOPLIST_FILE = GithubUserUITests/Info.plist;
				LD_RUNPATH_SEARCH_PATHS = (
					"$(inherited)",
					"@executable_path/Frameworks",
					"@loader_path/Frameworks",
				);
				PRODUCT_BUNDLE_IDENTIFIER = nanacorp.GithubUserUITests;
				PRODUCT_NAME = "$(TARGET_NAME)";
				SWIFT_VERSION = 5.0;
				TARGETED_DEVICE_FAMILY = "1,2";
				TEST_TARGET_NAME = GithubUser;
			};
			name = Release;
		};
/* End XCBuildConfiguration section */

/* Begin XCConfigurationList section */
		C014629B23C443AE004389E4 /* Build configuration list for PBXProject "GithubUser" */ = {
			isa = XCConfigurationList;
			buildConfigurations = (
				C01462CA23C443B0004389E4 /* Debug */,
				C01462CB23C443B0004389E4 /* Release */,
			);
			defaultConfigurationIsVisible = 0;
			defaultConfigurationName = Release;
		};
		C01462CC23C443B0004389E4 /* Build configuration list for PBXNativeTarget "GithubUser" */ = {
			isa = XCConfigurationList;
			buildConfigurations = (
				C01462CD23C443B0004389E4 /* Debug */,
				C01462CE23C443B0004389E4 /* Release */,
			);
			defaultConfigurationIsVisible = 0;
			defaultConfigurationName = Release;
		};
		C01462CF23C443B0004389E4 /* Build configuration list for PBXNativeTarget "GithubUserTests" */ = {
			isa = XCConfigurationList;
			buildConfigurations = (
				C01462D023C443B0004389E4 /* Debug */,
				C01462D123C443B0004389E4 /* Release */,
			);
			defaultConfigurationIsVisible = 0;
			defaultConfigurationName = Release;
		};
		C01462D223C443B0004389E4 /* Build configuration list for PBXNativeTarget "GithubUserUITests" */ = {
			isa = XCConfigurationList;
			buildConfigurations = (
				C01462D323C443B0004389E4 /* Debug */,
				C01462D423C443B0004389E4 /* Release */,
			);
			defaultConfigurationIsVisible = 0;
			defaultConfigurationName = Release;
		};
/* End XCConfigurationList section */
	};
	rootObject = C014629823C443AE004389E4 /* Project object */;
}
